version = 1
requires-python = "==3.12.*"

[[package]]
name = "certifi"
version = "2025.1.31"
source = { registry = "https://pypi.org/simple" }
sdist = { url = "https://files.pythonhosted.org/packages/1c/ab/c9f1e32b7b1bf505bf26f0ef697775960db7932abeb7b516de930ba2705f/certifi-2025.1.31.tar.gz", hash = "sha256:3d5da6925056f6f18f119200434a4780a94263f10d1c21d032a6f6b2baa20651", size = 167577 }
wheels = [
    { url = "https://files.pythonhosted.org/packages/38/fc/bce832fd4fd99766c04d1ee0eead6b0ec6486fb100ae5e74c1d91292b982/certifi-2025.1.31-py3-none-any.whl", hash = "sha256:ca78db4565a652026a4db2bcdf68f2fb589ea80d0be70e03929ed730746b84fe", size = 166393 },
]

[[package]]
name = "charset-normalizer"
version = "3.4.1"
source = { registry = "https://pypi.org/simple" }
sdist = { url = "https://files.pythonhosted.org/packages/16/b0/572805e227f01586461c80e0fd25d65a2115599cc9dad142fee4b747c357/charset_normalizer-3.4.1.tar.gz", hash = "sha256:44251f18cd68a75b56585dd00dae26183e102cd5e0f9f1466e6df5da2ed64ea3", size = 123188 }
wheels = [
    { url = "https://files.pythonhosted.org/packages/0a/9a/dd1e1cdceb841925b7798369a09279bd1cf183cef0f9ddf15a3a6502ee45/charset_normalizer-3.4.1-cp312-cp312-macosx_10_13_universal2.whl", hash = "sha256:73d94b58ec7fecbc7366247d3b0b10a21681004153238750bb67bd9012414545", size = 196105 },
    { url = "https://files.pythonhosted.org/packages/d3/8c/90bfabf8c4809ecb648f39794cf2a84ff2e7d2a6cf159fe68d9a26160467/charset_normalizer-3.4.1-cp312-cp312-manylinux_2_17_aarch64.manylinux2014_aarch64.whl", hash = "sha256:dad3e487649f498dd991eeb901125411559b22e8d7ab25d3aeb1af367df5efd7", size = 140404 },
    { url = "https://files.pythonhosted.org/packages/ad/8f/e410d57c721945ea3b4f1a04b74f70ce8fa800d393d72899f0a40526401f/charset_normalizer-3.4.1-cp312-cp312-manylinux_2_17_ppc64le.manylinux2014_ppc64le.whl", hash = "sha256:c30197aa96e8eed02200a83fba2657b4c3acd0f0aa4bdc9f6c1af8e8962e0757", size = 150423 },
    { url = "https://files.pythonhosted.org/packages/f0/b8/e6825e25deb691ff98cf5c9072ee0605dc2acfca98af70c2d1b1bc75190d/charset_normalizer-3.4.1-cp312-cp312-manylinux_2_17_s390x.manylinux2014_s390x.whl", hash = "sha256:2369eea1ee4a7610a860d88f268eb39b95cb588acd7235e02fd5a5601773d4fa", size = 143184 },
    { url = "https://files.pythonhosted.org/packages/3e/a2/513f6cbe752421f16d969e32f3583762bfd583848b763913ddab8d9bfd4f/charset_normalizer-3.4.1-cp312-cp312-manylinux_2_17_x86_64.manylinux2014_x86_64.whl", hash = "sha256:bc2722592d8998c870fa4e290c2eec2c1569b87fe58618e67d38b4665dfa680d", size = 145268 },
    { url = "https://files.pythonhosted.org/packages/74/94/8a5277664f27c3c438546f3eb53b33f5b19568eb7424736bdc440a88a31f/charset_normalizer-3.4.1-cp312-cp312-manylinux_2_5_i686.manylinux1_i686.manylinux_2_17_i686.manylinux2014_i686.whl", hash = "sha256:ffc9202a29ab3920fa812879e95a9e78b2465fd10be7fcbd042899695d75e616", size = 147601 },
    { url = "https://files.pythonhosted.org/packages/7c/5f/6d352c51ee763623a98e31194823518e09bfa48be2a7e8383cf691bbb3d0/charset_normalizer-3.4.1-cp312-cp312-musllinux_1_2_aarch64.whl", hash = "sha256:804a4d582ba6e5b747c625bf1255e6b1507465494a40a2130978bda7b932c90b", size = 141098 },
    { url = "https://files.pythonhosted.org/packages/78/d4/f5704cb629ba5ab16d1d3d741396aec6dc3ca2b67757c45b0599bb010478/charset_normalizer-3.4.1-cp312-cp312-musllinux_1_2_i686.whl", hash = "sha256:0f55e69f030f7163dffe9fd0752b32f070566451afe180f99dbeeb81f511ad8d", size = 149520 },
    { url = "https://files.pythonhosted.org/packages/c5/96/64120b1d02b81785f222b976c0fb79a35875457fa9bb40827678e54d1bc8/charset_normalizer-3.4.1-cp312-cp312-musllinux_1_2_ppc64le.whl", hash = "sha256:c4c3e6da02df6fa1410a7680bd3f63d4f710232d3139089536310d027950696a", size = 152852 },
    { url = "https://files.pythonhosted.org/packages/84/c9/98e3732278a99f47d487fd3468bc60b882920cef29d1fa6ca460a1fdf4e6/charset_normalizer-3.4.1-cp312-cp312-musllinux_1_2_s390x.whl", hash = "sha256:5df196eb874dae23dcfb968c83d4f8fdccb333330fe1fc278ac5ceeb101003a9", size = 150488 },
    { url = "https://files.pythonhosted.org/packages/13/0e/9c8d4cb99c98c1007cc11eda969ebfe837bbbd0acdb4736d228ccaabcd22/charset_normalizer-3.4.1-cp312-cp312-musllinux_1_2_x86_64.whl", hash = "sha256:e358e64305fe12299a08e08978f51fc21fac060dcfcddd95453eabe5b93ed0e1", size = 146192 },
    { url = "https://files.pythonhosted.org/packages/b2/21/2b6b5b860781a0b49427309cb8670785aa543fb2178de875b87b9cc97746/charset_normalizer-3.4.1-cp312-cp312-win32.whl", hash = "sha256:9b23ca7ef998bc739bf6ffc077c2116917eabcc901f88da1b9856b210ef63f35", size = 95550 },
    { url = "https://files.pythonhosted.org/packages/21/5b/1b390b03b1d16c7e382b561c5329f83cc06623916aab983e8ab9239c7d5c/charset_normalizer-3.4.1-cp312-cp312-win_amd64.whl", hash = "sha256:6ff8a4a60c227ad87030d76e99cd1698345d4491638dfa6673027c48b3cd395f", size = 102785 },
    { url = "https://files.pythonhosted.org/packages/0e/f6/65ecc6878a89bb1c23a086ea335ad4bf21a588990c3f535a227b9eea9108/charset_normalizer-3.4.1-py3-none-any.whl", hash = "sha256:d98b1668f06378c6dbefec3b92299716b931cd4e6061f3c875a71ced1780ab85", size = 49767 },
]

[[package]]
name = "deprecated"
version = "1.2.18"
source = { registry = "https://pypi.org/simple" }
dependencies = [
    { name = "wrapt" },
]
sdist = { url = "https://files.pythonhosted.org/packages/98/97/06afe62762c9a8a86af0cfb7bfdab22a43ad17138b07af5b1a58442690a2/deprecated-1.2.18.tar.gz", hash = "sha256:422b6f6d859da6f2ef57857761bfb392480502a64c3028ca9bbe86085d72115d", size = 2928744 }
wheels = [
    { url = "https://files.pythonhosted.org/packages/6e/c6/ac0b6c1e2d138f1002bcf799d330bd6d85084fece321e662a14223794041/Deprecated-1.2.18-py2.py3-none-any.whl", hash = "sha256:bd5011788200372a32418f888e326a09ff80d0214bd961147cfed01b5c018eec", size = 9998 },
]

[[package]]
name = "googleapis-common-protos"
version = "1.69.1"
source = { registry = "https://pypi.org/simple" }
dependencies = [
    { name = "protobuf" },
]
sdist = { url = "https://files.pythonhosted.org/packages/41/4f/d8be74b88621131dfd1ed70e5aff2c47f2bdf2289a70736bbf3eb0e7bc70/googleapis_common_protos-1.69.1.tar.gz", hash = "sha256:e20d2d8dda87da6fe7340afbbdf4f0bcb4c8fae7e6cadf55926c31f946b0b9b1", size = 144514 }
wheels = [
    { url = "https://files.pythonhosted.org/packages/16/cb/2f4aa605b16df1e031dd7c322c597613eef933e8dd5b6a4414330b21e791/googleapis_common_protos-1.69.1-py2.py3-none-any.whl", hash = "sha256:4077f27a6900d5946ee5a369fab9c8ded4c0ef1c6e880458ea2f70c14f7b70d5", size = 293229 },
]

[[package]]
name = "idna"
version = "3.10"
source = { registry = "https://pypi.org/simple" }
sdist = { url = "https://files.pythonhosted.org/packages/f1/70/7703c29685631f5a7590aa73f1f1d3fa9a380e654b86af429e0934a32f7d/idna-3.10.tar.gz", hash = "sha256:12f65c9b470abda6dc35cf8e63cc574b1c52b11df2c86030af0ac09b01b13ea9", size = 190490 }
wheels = [
    { url = "https://files.pythonhosted.org/packages/76/c6/c88e154df9c4e1a2a66ccf0005a88dfb2650c1dffb6f5ce603dfbd452ce3/idna-3.10-py3-none-any.whl", hash = "sha256:946d195a0d259cbba61165e88e65941f16e9b36ea6ddb97f00452bae8b1287d3", size = 70442 },
]

[[package]]
name = "importlib-metadata"
version = "8.6.1"
source = { registry = "https://pypi.org/simple" }
dependencies = [
    { name = "zipp" },
]
sdist = { url = "https://files.pythonhosted.org/packages/33/08/c1395a292bb23fd03bdf572a1357c5a733d3eecbab877641ceacab23db6e/importlib_metadata-8.6.1.tar.gz", hash = "sha256:310b41d755445d74569f993ccfc22838295d9fe005425094fad953d7f15c8580", size = 55767 }
wheels = [
    { url = "https://files.pythonhosted.org/packages/79/9d/0fb148dc4d6fa4a7dd1d8378168d9b4cd8d4560a6fbf6f0121c5fc34eb68/importlib_metadata-8.6.1-py3-none-any.whl", hash = "sha256:02a89390c1e15fdfdc0d7c6b25cb3e62650d0494005c97d6f148bf5b9787525e", size = 26971 },
]

[[package]]
name = "mypy"
version = "1.14.0"
source = { registry = "https://pypi.org/simple" }
dependencies = [
    { name = "mypy-extensions" },
    { name = "typing-extensions" },
]
sdist = { url = "https://files.pythonhosted.org/packages/8c/7b/08046ef9330735f536a09a2e31b00f42bccdb2795dcd979636ba43bb2d63/mypy-1.14.0.tar.gz", hash = "sha256:822dbd184d4a9804df5a7d5335a68cf7662930e70b8c1bc976645d1509f9a9d6", size = 3215684 }
wheels = [
    { url = "https://files.pythonhosted.org/packages/fe/d8/0e72175ee0253217f5c44524f5e95251c02e95ba9749fb87b0e2074d203a/mypy-1.14.0-cp312-cp312-macosx_10_13_x86_64.whl", hash = "sha256:d5326ab70a6db8e856d59ad4cb72741124950cbbf32e7b70e30166ba7bbf61dd", size = 11269011 },
    { url = "https://files.pythonhosted.org/packages/e9/6d/4ea13839dabe5db588dc6a1b766da16f420d33cf118a7b7172cdf6c7fcb2/mypy-1.14.0-cp312-cp312-macosx_11_0_arm64.whl", hash = "sha256:bf4ec4980bec1e0e24e5075f449d014011527ae0055884c7e3abc6a99cd2c7f1", size = 10253076 },
    { url = "https://files.pythonhosted.org/packages/3e/38/7db2c5d0f4d290e998f7a52b2e2616c7bbad96b8e04278ab09d11978a29e/mypy-1.14.0-cp312-cp312-manylinux_2_17_x86_64.manylinux2014_x86_64.manylinux_2_28_x86_64.whl", hash = "sha256:390dfb898239c25289495500f12fa73aa7f24a4c6d90ccdc165762462b998d63", size = 12862786 },
    { url = "https://files.pythonhosted.org/packages/bf/4b/62d59c801b34141040989949c2b5c157d0408b45357335d3ec5b2845b0f6/mypy-1.14.0-cp312-cp312-musllinux_1_2_x86_64.whl", hash = "sha256:7e026d55ddcd76e29e87865c08cbe2d0104e2b3153a523c529de584759379d3d", size = 12971568 },
    { url = "https://files.pythonhosted.org/packages/f1/9c/e0f281b32d70c87b9e4d2939e302b1ff77ada4d7b0f2fb32890c144bc1d6/mypy-1.14.0-cp312-cp312-win_amd64.whl", hash = "sha256:585ed36031d0b3ee362e5107ef449a8b5dfd4e9c90ccbe36414ee405ee6b32ba", size = 9879477 },
    { url = "https://files.pythonhosted.org/packages/39/32/0214608af400cdf8f5102144bb8af10d880675c65ed0b58f7e0e77175d50/mypy-1.14.0-py3-none-any.whl", hash = "sha256:2238d7f93fc4027ed1efc944507683df3ba406445a2b6c96e79666a045aadfab", size = 2752803 },
]

[[package]]
name = "mypy-extensions"
version = "1.0.0"
source = { registry = "https://pypi.org/simple" }
sdist = { url = "https://files.pythonhosted.org/packages/98/a4/1ab47638b92648243faf97a5aeb6ea83059cc3624972ab6b8d2316078d3f/mypy_extensions-1.0.0.tar.gz", hash = "sha256:75dbf8955dc00442a438fc4d0666508a9a97b6bd41aa2f0ffe9d2f2725af0782", size = 4433 }
wheels = [
    { url = "https://files.pythonhosted.org/packages/2a/e2/5d3f6ada4297caebe1a2add3b126fe800c96f56dbe5d1988a2cbe0b267aa/mypy_extensions-1.0.0-py3-none-any.whl", hash = "sha256:4392f6c0eb8a5668a69e23d168ffa70f0be9ccfd32b5cc2d26a34ae5b844552d", size = 4695 },
]

[[package]]
name = "opentelemetry-api"
version = "1.31.0"
source = { registry = "https://pypi.org/simple" }
dependencies = [
    { name = "deprecated" },
    { name = "importlib-metadata" },
]
sdist = { url = "https://files.pythonhosted.org/packages/58/89/9d80fa1265a25306b5d9b2707ef09094a6dda9feeac2ee159d5a214f989c/opentelemetry_api-1.31.0.tar.gz", hash = "sha256:d8da59e83e8e3993b4726e4c1023cd46f57c4d5a73142e239247e7d814309de1", size = 63853 }
wheels = [
    { url = "https://files.pythonhosted.org/packages/a3/87/5413da9dd80d66ff86205bbd08a9cf69165642565c00cfce6590e0e82980/opentelemetry_api-1.31.0-py3-none-any.whl", hash = "sha256:145b72c6c16977c005c568ec32f4946054ab793d8474a17fd884b0397582c5f2", size = 65099 },
]

[[package]]
name = "opentelemetry-exporter-otlp-proto-common"
version = "1.31.0"
source = { registry = "https://pypi.org/simple" }
dependencies = [
    { name = "opentelemetry-proto" },
]
sdist = { url = "https://files.pythonhosted.org/packages/de/a8/d9c27ba8c9b27fd776320d51942e33c4d6636bf8b109f16302b11b583053/opentelemetry_exporter_otlp_proto_common-1.31.0.tar.gz", hash = "sha256:e7fa0fe8cf2f87c190a59d820b6ba0821234178bc1227b5bd40ca057622d4ddc", size = 20623 }
wheels = [
    { url = "https://files.pythonhosted.org/packages/58/49/3441ab55fac1ba75f720eccd5a34640c7b451a10eaf34384e506250a8e01/opentelemetry_exporter_otlp_proto_common-1.31.0-py3-none-any.whl", hash = "sha256:42b402f2340c0612907799d91d13b928314f06c57c362dfa0c074e20b673f43d", size = 18824 },
]

[[package]]
name = "opentelemetry-exporter-otlp-proto-http"
version = "1.31.0"
source = { registry = "https://pypi.org/simple" }
dependencies = [
    { name = "deprecated" },
    { name = "googleapis-common-protos" },
    { name = "opentelemetry-api" },
    { name = "opentelemetry-exporter-otlp-proto-common" },
    { name = "opentelemetry-proto" },
    { name = "opentelemetry-sdk" },
    { name = "requests" },
]
sdist = { url = "https://files.pythonhosted.org/packages/3f/03/754b4fc0ae15d728dd69d65557c00b8dd559071ae9d8f7be19884387eb01/opentelemetry_exporter_otlp_proto_http-1.31.0.tar.gz", hash = "sha256:09cbe2f96a1996cae94a426fbc59cc2f5bbe9a246233f15832d295e750b407de", size = 15143 }
wheels = [
    { url = "https://files.pythonhosted.org/packages/3e/5f/7cf80009109bc1a7a08aa373caf0e98e0952d23835b3604caa41ae83ed70/opentelemetry_exporter_otlp_proto_http-1.31.0-py3-none-any.whl", hash = "sha256:d9f00fd0684324e8c2dc13cd9580f94d85b6e10040c5f89a533f611c7583f910", size = 17256 },
]

[[package]]
name = "opentelemetry-proto"
version = "1.31.0"
source = { registry = "https://pypi.org/simple" }
dependencies = [
    { name = "protobuf" },
]
sdist = { url = "https://files.pythonhosted.org/packages/f1/c9/f24d878bfcd050fc2f5d5b52d59ed4878390c30406db3f164aa99c6c60cc/opentelemetry_proto-1.31.0.tar.gz", hash = "sha256:5efe313788a8f4b739a94beb207749587a449a5e90c68b0b6a931567e8ca721d", size = 34361 }
wheels = [
    { url = "https://files.pythonhosted.org/packages/32/59/5c55b934a4dc6397aa64a2d2c5c84fce53db0531901567fa430ecc5f8070/opentelemetry_proto-1.31.0-py3-none-any.whl", hash = "sha256:ad4ded738e3d48d3280b37984eae75e63be01d8a0b04c83c743714aba960670d", size = 55855 },
]

[[package]]
name = "opentelemetry-sdk"
version = "1.31.0"
source = { registry = "https://pypi.org/simple" }
dependencies = [
    { name = "opentelemetry-api" },
    { name = "opentelemetry-semantic-conventions" },
    { name = "typing-extensions" },
]
sdist = { url = "https://files.pythonhosted.org/packages/a8/cc/2f461097fa53e7db0e5aca8be93be94d658a551f047129a206c34cc19d8d/opentelemetry_sdk-1.31.0.tar.gz", hash = "sha256:452d7d5b3c1db2e5e4cb64abede0ddd20690cb244a559c73a59652fdf6726070", size = 159527 }
wheels = [
    { url = "https://files.pythonhosted.org/packages/0b/f1/7dcc1fa9a27f3b346e56e8a090ee2312e36c8ff1f6f9f345a8fc778f0c4d/opentelemetry_sdk-1.31.0-py3-none-any.whl", hash = "sha256:97c9a03865e69723725fb64fe04343a488c3e61e684eb804bd7d6da2215dfc60", size = 118866 },
]

[[package]]
name = "opentelemetry-semantic-conventions"
version = "0.52b0"
source = { registry = "https://pypi.org/simple" }
dependencies = [
    { name = "deprecated" },
    { name = "opentelemetry-api" },
]
sdist = { url = "https://files.pythonhosted.org/packages/b1/0b/923171ff87ac44064b47bb798ac983917799458b7a5475d0badbf3f1e929/opentelemetry_semantic_conventions-0.52b0.tar.gz", hash = "sha256:f8bc8873a69d0a2f45746c31980baad2bb10ccee16b1816497ccf99417770386", size = 111274 }
wheels = [
    { url = "https://files.pythonhosted.org/packages/5d/ca/56319c0dba740d1f5cd7b6db0dbe5c760400e49120975e063596eba25cc6/opentelemetry_semantic_conventions-0.52b0-py3-none-any.whl", hash = "sha256:4d843652ae1f9f3c0d4d8df0bfef740627c90495ac043fc33f0a04bad3b606e2", size = 183409 },
]

[[package]]
name = "protobuf"
version = "5.29.3"
source = { registry = "https://pypi.org/simple" }
sdist = { url = "https://files.pythonhosted.org/packages/f7/d1/e0a911544ca9993e0f17ce6d3cc0932752356c1b0a834397f28e63479344/protobuf-5.29.3.tar.gz", hash = "sha256:5da0f41edaf117bde316404bad1a486cb4ededf8e4a54891296f648e8e076620", size = 424945 }
wheels = [
    { url = "https://files.pythonhosted.org/packages/dc/7a/1e38f3cafa022f477ca0f57a1f49962f21ad25850c3ca0acd3b9d0091518/protobuf-5.29.3-cp310-abi3-win32.whl", hash = "sha256:3ea51771449e1035f26069c4c7fd51fba990d07bc55ba80701c78f886bf9c888", size = 422708 },
    { url = "https://files.pythonhosted.org/packages/61/fa/aae8e10512b83de633f2646506a6d835b151edf4b30d18d73afd01447253/protobuf-5.29.3-cp310-abi3-win_amd64.whl", hash = "sha256:a4fa6f80816a9a0678429e84973f2f98cbc218cca434abe8db2ad0bffc98503a", size = 434508 },
    { url = "https://files.pythonhosted.org/packages/dd/04/3eaedc2ba17a088961d0e3bd396eac764450f431621b58a04ce898acd126/protobuf-5.29.3-cp38-abi3-macosx_10_9_universal2.whl", hash = "sha256:a8434404bbf139aa9e1300dbf989667a83d42ddda9153d8ab76e0d5dcaca484e", size = 417825 },
    { url = "https://files.pythonhosted.org/packages/4f/06/7c467744d23c3979ce250397e26d8ad8eeb2bea7b18ca12ad58313c1b8d5/protobuf-5.29.3-cp38-abi3-manylinux2014_aarch64.whl", hash = "sha256:daaf63f70f25e8689c072cfad4334ca0ac1d1e05a92fc15c54eb9cf23c3efd84", size = 319573 },
    { url = "https://files.pythonhosted.org/packages/a8/45/2ebbde52ad2be18d3675b6bee50e68cd73c9e0654de77d595540b5129df8/protobuf-5.29.3-cp38-abi3-manylinux2014_x86_64.whl", hash = "sha256:c027e08a08be10b67c06bf2370b99c811c466398c357e615ca88c91c07f0910f", size = 319672 },
    { url = "https://files.pythonhosted.org/packages/fd/b2/ab07b09e0f6d143dfb839693aa05765257bceaa13d03bf1a696b78323e7a/protobuf-5.29.3-py3-none-any.whl", hash = "sha256:0a18ed4a24198528f2333802eb075e59dea9d679ab7a6c5efb017a59004d849f", size = 172550 },
]

[[package]]
name = "requests"
version = "2.32.3"
source = { registry = "https://pypi.org/simple" }
dependencies = [
    { name = "certifi" },
    { name = "charset-normalizer" },
    { name = "idna" },
    { name = "urllib3" },
]
sdist = { url = "https://files.pythonhosted.org/packages/63/70/2bf7780ad2d390a8d301ad0b550f1581eadbd9a20f896afe06353c2a2913/requests-2.32.3.tar.gz", hash = "sha256:55365417734eb18255590a9ff9eb97e9e1da868d4ccd6402399eaf68af20a760", size = 131218 }
wheels = [
    { url = "https://files.pythonhosted.org/packages/f9/9b/335f9764261e915ed497fcdeb11df5dfd6f7bf257d4a6a2a686d80da4d54/requests-2.32.3-py3-none-any.whl", hash = "sha256:70761cfe03c773ceb22aa2f671b4757976145175cdfca038c02654d061d6dcc6", size = 64928 },
]

[[package]]
name = "resonate-sdk"
version = "0.4.12"
source = { registry = "https://pypi.org/simple" }
dependencies = [
    { name = "opentelemetry-api" },
    { name = "opentelemetry-exporter-otlp-proto-http" },
    { name = "opentelemetry-sdk" },
    { name = "requests" },
    { name = "typing-extensions" },
]
sdist = { url = "https://files.pythonhosted.org/packages/33/44/36c9616879eff2ab8f03bbe6af21b0281487e5735c924973c0462bc02d6f/resonate_sdk-0.4.12.tar.gz", hash = "sha256:269c0fa14d9d32dfc3d2d7d682243f15b7693089d51dfd78fc794cc7aaa99c73", size = 70188 }
wheels = [
    { url = "https://files.pythonhosted.org/packages/a0/9d/75c687776424c54add732166207099dd508aa4990c3c40b1fb4adbff1bce/resonate_sdk-0.4.12-py3-none-any.whl", hash = "sha256:7828a4700d4eb3fbde8000f2658348f1042ce9004415edcaa621f40919f330d6", size = 42896 },
]

[[package]]
name = "rfi-workflow-template"
version = "0.1.0"
source = { editable = "." }
dependencies = [
    { name = "resonate-sdk" },
]

[package.dev-dependencies]
dev = [
    { name = "mypy" },
]

[package.metadata]
requires-dist = [{ name = "resonate-sdk", specifier = ">=0.4.12" }]

[package.metadata.requires-dev]
dev = [{ name = "mypy", specifier = "==1.14.0" }]

[[package]]
name = "typing-extensions"
version = "4.12.2"
source = { registry = "https://pypi.org/simple" }
sdist = { url = "https://files.pythonhosted.org/packages/df/db/f35a00659bc03fec321ba8bce9420de607a1d37f8342eee1863174c69557/typing_extensions-4.12.2.tar.gz", hash = "sha256:1a7ead55c7e559dd4dee8856e3a88b41225abfe1ce8df57b7c13915fe121ffb8", size = 85321 }
wheels = [
    { url = "https://files.pythonhosted.org/packages/26/9f/ad63fc0248c5379346306f8668cda6e2e2e9c95e01216d2b8ffd9ff037d0/typing_extensions-4.12.2-py3-none-any.whl", hash = "sha256:04e5ca0351e0f3f85c6853954072df659d0d13fac324d0072316b67d7794700d", size = 37438 },
]

[[package]]
name = "urllib3"
version = "2.3.0"
source = { registry = "https://pypi.org/simple" }
sdist = { url = "https://files.pythonhosted.org/packages/aa/63/e53da845320b757bf29ef6a9062f5c669fe997973f966045cb019c3f4b66/urllib3-2.3.0.tar.gz", hash = "sha256:f8c5449b3cf0861679ce7e0503c7b44b5ec981bec0d1d3795a07f1ba96f0204d", size = 307268 }
wheels = [
    { url = "https://files.pythonhosted.org/packages/c8/19/4ec628951a74043532ca2cf5d97b7b14863931476d117c471e8e2b1eb39f/urllib3-2.3.0-py3-none-any.whl", hash = "sha256:1cee9ad369867bfdbbb48b7dd50374c0967a0bb7710050facf0dd6911440e3df", size = 128369 },
]

[[package]]
name = "wrapt"
version = "1.17.2"
source = { registry = "https://pypi.org/simple" }
sdist = { url = "https://files.pythonhosted.org/packages/c3/fc/e91cc220803d7bc4db93fb02facd8461c37364151b8494762cc88b0fbcef/wrapt-1.17.2.tar.gz", hash = "sha256:41388e9d4d1522446fe79d3213196bd9e3b301a336965b9e27ca2788ebd122f3", size = 55531 }
wheels = [
    { url = "https://files.pythonhosted.org/packages/a1/bd/ab55f849fd1f9a58ed7ea47f5559ff09741b25f00c191231f9f059c83949/wrapt-1.17.2-cp312-cp312-macosx_10_13_universal2.whl", hash = "sha256:d5e2439eecc762cd85e7bd37161d4714aa03a33c5ba884e26c81559817ca0925", size = 53799 },
    { url = "https://files.pythonhosted.org/packages/53/18/75ddc64c3f63988f5a1d7e10fb204ffe5762bc663f8023f18ecaf31a332e/wrapt-1.17.2-cp312-cp312-macosx_10_13_x86_64.whl", hash = "sha256:3fc7cb4c1c744f8c05cd5f9438a3caa6ab94ce8344e952d7c45a8ed59dd88392", size = 38821 },
    { url = "https://files.pythonhosted.org/packages/48/2a/97928387d6ed1c1ebbfd4efc4133a0633546bec8481a2dd5ec961313a1c7/wrapt-1.17.2-cp312-cp312-macosx_11_0_arm64.whl", hash = "sha256:8fdbdb757d5390f7c675e558fd3186d590973244fab0c5fe63d373ade3e99d40", size = 38919 },
    { url = "https://files.pythonhosted.org/packages/73/54/3bfe5a1febbbccb7a2f77de47b989c0b85ed3a6a41614b104204a788c20e/wrapt-1.17.2-cp312-cp312-manylinux_2_17_aarch64.manylinux2014_aarch64.whl", hash = "sha256:5bb1d0dbf99411f3d871deb6faa9aabb9d4e744d67dcaaa05399af89d847a91d", size = 88721 },
    { url = "https://files.pythonhosted.org/packages/25/cb/7262bc1b0300b4b64af50c2720ef958c2c1917525238d661c3e9a2b71b7b/wrapt-1.17.2-cp312-cp312-manylinux_2_5_i686.manylinux1_i686.manylinux_2_17_i686.manylinux2014_i686.whl", hash = "sha256:d18a4865f46b8579d44e4fe1e2bcbc6472ad83d98e22a26c963d46e4c125ef0b", size = 80899 },
    { url = "https://files.pythonhosted.org/packages/2a/5a/04cde32b07a7431d4ed0553a76fdb7a61270e78c5fd5a603e190ac389f14/wrapt-1.17.2-cp312-cp312-manylinux_2_5_x86_64.manylinux1_x86_64.manylinux_2_17_x86_64.manylinux2014_x86_64.whl", hash = "sha256:bc570b5f14a79734437cb7b0500376b6b791153314986074486e0b0fa8d71d98", size = 89222 },
    { url = "https://files.pythonhosted.org/packages/09/28/2e45a4f4771fcfb109e244d5dbe54259e970362a311b67a965555ba65026/wrapt-1.17.2-cp312-cp312-musllinux_1_2_aarch64.whl", hash = "sha256:6d9187b01bebc3875bac9b087948a2bccefe464a7d8f627cf6e48b1bbae30f82", size = 86707 },
    { url = "https://files.pythonhosted.org/packages/c6/d2/dcb56bf5f32fcd4bd9aacc77b50a539abdd5b6536872413fd3f428b21bed/wrapt-1.17.2-cp312-cp312-musllinux_1_2_i686.whl", hash = "sha256:9e8659775f1adf02eb1e6f109751268e493c73716ca5761f8acb695e52a756ae", size = 79685 },
    { url = "https://files.pythonhosted.org/packages/80/4e/eb8b353e36711347893f502ce91c770b0b0929f8f0bed2670a6856e667a9/wrapt-1.17.2-cp312-cp312-musllinux_1_2_x86_64.whl", hash = "sha256:e8b2816ebef96d83657b56306152a93909a83f23994f4b30ad4573b00bd11bb9", size = 87567 },
    { url = "https://files.pythonhosted.org/packages/17/27/4fe749a54e7fae6e7146f1c7d914d28ef599dacd4416566c055564080fe2/wrapt-1.17.2-cp312-cp312-win32.whl", hash = "sha256:468090021f391fe0056ad3e807e3d9034e0fd01adcd3bdfba977b6fdf4213ea9", size = 36672 },
    { url = "https://files.pythonhosted.org/packages/15/06/1dbf478ea45c03e78a6a8c4be4fdc3c3bddea5c8de8a93bc971415e47f0f/wrapt-1.17.2-cp312-cp312-win_amd64.whl", hash = "sha256:ec89ed91f2fa8e3f52ae53cd3cf640d6feff92ba90d62236a81e4e563ac0e991", size = 38865 },
    { url = "https://files.pythonhosted.org/packages/2d/82/f56956041adef78f849db6b289b282e72b55ab8045a75abad81898c28d19/wrapt-1.17.2-py3-none-any.whl", hash = "sha256:b18f2d1533a71f069c7f82d524a52599053d4c7166e9dd374ae2136b7f40f7c8", size = 23594 },
]

[[package]]
name = "zipp"
version = "3.21.0"
source = { registry = "https://pypi.org/simple" }
sdist = { url = "https://files.pythonhosted.org/packages/3f/50/bad581df71744867e9468ebd0bcd6505de3b275e06f202c2cb016e3ff56f/zipp-3.21.0.tar.gz", hash = "sha256:2c9958f6430a2040341a52eb608ed6dd93ef4392e02ffe219417c1b28b5dd1f4", size = 24545 }
wheels = [
    { url = "https://files.pythonhosted.org/packages/b7/1a/7e4798e9339adc931158c9d69ecc34f5e6791489d469f5e50ec15e35f458/zipp-3.21.0-py3-none-any.whl", hash = "sha256:ac1bbe05fd2991f160ebce24ffbac5f6d11d83dc90891255885223d42b3cd931", size = 9630 },
]
